{
	"name": "ReactNativeKitchenSink",
	"version": "0.0.1",
	"lockfileVersion": 1,
	"dependencies": {
		"react-native-audio": {
			"version": "3.2.2",
			"resolved": "https://registry.npmjs.org/react-native-audio/-/react-native-audio-3.2.2.tgz",
			"integrity": "sha1-D8vaM4ycyFqr7VlfnHYvpu6724g="
		}
	}
}
